// !$*UTF8*$!
{
	archiveVersion = 1;
	classes = {
	};
	objectVersion = 55;
	objects = {

/* Begin PBXBuildFile section */
		F13C015627E933B60001F9D5 /* AppDelegate.swift in Sources */ = {isa = PBXBuildFile; fileRef = F13C015527E933B60001F9D5 /* AppDelegate.swift */; };
		F13C015827E933B60001F9D5 /* SceneDelegate.swift in Sources */ = {isa = PBXBuildFile; fileRef = F13C015727E933B60001F9D5 /* SceneDelegate.swift */; };
		F13C020827E9362E0001F9D5 /* Assets.xcassets in Resources */ = {isa = PBXBuildFile; fileRef = F13C01E127E9362B0001F9D5 /* Assets.xcassets */; };
		F13C020927E9362E0001F9D5 /* Kraftwerk - Musique Non Stop.mp3 in Resources */ = {isa = PBXBuildFile; fileRef = F13C01E327E9362D0001F9D5 /* Kraftwerk - Musique Non Stop.mp3 */; };
		F13C020B27E9362E0001F9D5 /* ArtistDetailViewController.swift in Sources */ = {isa = PBXBuildFile; fileRef = F13C01E627E9362D0001F9D5 /* ArtistDetailViewController.swift */; };
		F13C020C27E9362E0001F9D5 /* BioDetailViewController1.swift in Sources */ = {isa = PBXBuildFile; fileRef = F13C01E727E9362D0001F9D5 /* BioDetailViewController1.swift */; };
		F13C020D27E9362E0001F9D5 /* MusicViewController.swift in Sources */ = {isa = PBXBuildFile; fileRef = F13C01E827E9362D0001F9D5 /* MusicViewController.swift */; };
		F13C020E27E9362E0001F9D5 /* TrackListViewController.swift in Sources */ = {isa = PBXBuildFile; fileRef = F13C01E927E9362D0001F9D5 /* TrackListViewController.swift */; };
		F13C020F27E9362E0001F9D5 /* ArtistListViewController.swift in Sources */ = {isa = PBXBuildFile; fileRef = F13C01EA27E9362D0001F9D5 /* ArtistListViewController.swift */; };
		F13C021027E9362E0001F9D5 /* ArchivoBlack-Regular.ttf in Resources */ = {isa = PBXBuildFile; fileRef = F13C01EC27E9362D0001F9D5 /* ArchivoBlack-Regular.ttf */; };
		F13C021127E9362E0001F9D5 /* Shrikhand-Regular.ttf in Resources */ = {isa = PBXBuildFile; fileRef = F13C01ED27E9362D0001F9D5 /* Shrikhand-Regular.ttf */; };
		F13C021227E9362E0001F9D5 /* JacquesFrancoisShadow-Regular.ttf in Resources */ = {isa = PBXBuildFile; fileRef = F13C01EE27E9362D0001F9D5 /* JacquesFrancoisShadow-Regular.ttf */; };
		F13C021327E9362E0001F9D5 /* Eater-Regular.ttf in Resources */ = {isa = PBXBuildFile; fileRef = F13C01EF27E9362D0001F9D5 /* Eater-Regular.ttf */; };
		F13C021427E9362E0001F9D5 /* GoblinOne-Regular.ttf in Resources */ = {isa = PBXBuildFile; fileRef = F13C01F027E9362D0001F9D5 /* GoblinOne-Regular.ttf */; };
		F13C021527E9362E0001F9D5 /* PathwayGothicOne-Regular.ttf in Resources */ = {isa = PBXBuildFile; fileRef = F13C01F127E9362D0001F9D5 /* PathwayGothicOne-Regular.ttf */; };
		F13C021627E9362E0001F9D5 /* TrackTableViewCell.xib in Resources */ = {isa = PBXBuildFile; fileRef = F13C01F427E9362D0001F9D5 /* TrackTableViewCell.xib */; };
		F13C021727E9362E0001F9D5 /* Artists.storyboard in Resources */ = {isa = PBXBuildFile; fileRef = F13C01F527E9362D0001F9D5 /* Artists.storyboard */; };
		F13C021827E9362E0001F9D5 /* LaunchScreen.storyboard in Resources */ = {isa = PBXBuildFile; fileRef = F13C01F627E9362D0001F9D5 /* LaunchScreen.storyboard */; };
		F13C021927E9362E0001F9D5 /* Main.storyboard in Resources */ = {isa = PBXBuildFile; fileRef = F13C01F827E9362E0001F9D5 /* Main.storyboard */; };
		F13C021A27E9362E0001F9D5 /* Tracks.storyboard in Resources */ = {isa = PBXBuildFile; fileRef = F13C01F927E9362E0001F9D5 /* Tracks.storyboard */; };
		F13C021B27E9362E0001F9D5 /* Albums.storyboard in Resources */ = {isa = PBXBuildFile; fileRef = F13C01FA27E9362E0001F9D5 /* Albums.storyboard */; };
		F13C021C27E9362E0001F9D5 /* Podcasts.storyboard in Resources */ = {isa = PBXBuildFile; fileRef = F13C01FB27E9362E0001F9D5 /* Podcasts.storyboard */; };
		F13C021D27E9362E0001F9D5 /* AlbumTableViewCell.swift in Sources */ = {isa = PBXBuildFile; fileRef = F13C01FC27E9362E0001F9D5 /* AlbumTableViewCell.swift */; };
		F13C021E27E9362E0001F9D5 /* ArtistTableViewCell.swift in Sources */ = {isa = PBXBuildFile; fileRef = F13C01FD27E9362E0001F9D5 /* ArtistTableViewCell.swift */; };
		F13C021F27E9362E0001F9D5 /* Main.storyboard in Resources */ = {isa = PBXBuildFile; fileRef = F13C01FE27E9362E0001F9D5 /* Main.storyboard */; };
		F13C022127E9362E0001F9D5 /* Artist.swift in Sources */ = {isa = PBXBuildFile; fileRef = F13C020327E9362E0001F9D5 /* Artist.swift */; };
		F13C022227E9362E0001F9D5 /* Tracks.swift in Sources */ = {isa = PBXBuildFile; fileRef = F13C020427E9362E0001F9D5 /* Tracks.swift */; };
		F13C022327E9362E0001F9D5 /* Artists.swift in Sources */ = {isa = PBXBuildFile; fileRef = F13C020527E9362E0001F9D5 /* Artists.swift */; };
		F13C022427E9362E0001F9D5 /* ImageLoader.swift in Sources */ = {isa = PBXBuildFile; fileRef = F13C020727E9362E0001F9D5 /* ImageLoader.swift */; };
/* End PBXBuildFile section */

/* Begin PBXFileReference section */
		F13C015227E933B60001F9D5 /* AxxidLabelMusicApp.app */ = {isa = PBXFileReference; explicitFileType = wrapper.application; includeInIndex = 0; path = AxxidLabelMusicApp.app; sourceTree = BUILT_PRODUCTS_DIR; };
		F13C015527E933B60001F9D5 /* AppDelegate.swift */ = {isa = PBXFileReference; lastKnownFileType = sourcecode.swift; path = AppDelegate.swift; sourceTree = "<group>"; };
		F13C015727E933B60001F9D5 /* SceneDelegate.swift */ = {isa = PBXFileReference; lastKnownFileType = sourcecode.swift; path = SceneDelegate.swift; sourceTree = "<group>"; };
		F13C016327E933BB0001F9D5 /* Info.plist */ = {isa = PBXFileReference; lastKnownFileType = text.plist.xml; path = Info.plist; sourceTree = "<group>"; };
		F13C01E127E9362B0001F9D5 /* Assets.xcassets */ = {isa = PBXFileReference; lastKnownFileType = folder.assetcatalog; path = Assets.xcassets; sourceTree = "<group>"; };
		F13C01E327E9362D0001F9D5 /* Kraftwerk - Musique Non Stop.mp3 */ = {isa = PBXFileReference; lastKnownFileType = audio.mp3; path = "Kraftwerk - Musique Non Stop.mp3"; sourceTree = "<group>"; };
		F13C01E627E9362D0001F9D5 /* ArtistDetailViewController.swift */ = {isa = PBXFileReference; fileEncoding = 4; lastKnownFileType = sourcecode.swift; path = ArtistDetailViewController.swift; sourceTree = "<group>"; };
		F13C01E727E9362D0001F9D5 /* BioDetailViewController1.swift */ = {isa = PBXFileReference; fileEncoding = 4; lastKnownFileType = sourcecode.swift; path = BioDetailViewController1.swift; sourceTree = "<group>"; };
		F13C01E827E9362D0001F9D5 /* MusicViewController.swift */ = {isa = PBXFileReference; fileEncoding = 4; lastKnownFileType = sourcecode.swift; path = MusicViewController.swift; sourceTree = "<group>"; };
		F13C01E927E9362D0001F9D5 /* TrackListViewController.swift */ = {isa = PBXFileReference; fileEncoding = 4; lastKnownFileType = sourcecode.swift; path = TrackListViewController.swift; sourceTree = "<group>"; };
		F13C01EA27E9362D0001F9D5 /* ArtistListViewController.swift */ = {isa = PBXFileReference; fileEncoding = 4; lastKnownFileType = sourcecode.swift; path = ArtistListViewController.swift; sourceTree = "<group>"; };
		F13C01EC27E9362D0001F9D5 /* ArchivoBlack-Regular.ttf */ = {isa = PBXFileReference; lastKnownFileType = file; path = "ArchivoBlack-Regular.ttf"; sourceTree = "<group>"; };
		F13C01ED27E9362D0001F9D5 /* Shrikhand-Regular.ttf */ = {isa = PBXFileReference; lastKnownFileType = file; path = "Shrikhand-Regular.ttf"; sourceTree = "<group>"; };
		F13C01EE27E9362D0001F9D5 /* JacquesFrancoisShadow-Regular.ttf */ = {isa = PBXFileReference; lastKnownFileType = file; path = "JacquesFrancoisShadow-Regular.ttf"; sourceTree = "<group>"; };
		F13C01EF27E9362D0001F9D5 /* Eater-Regular.ttf */ = {isa = PBXFileReference; lastKnownFileType = file; path = "Eater-Regular.ttf"; sourceTree = "<group>"; };
		F13C01F027E9362D0001F9D5 /* GoblinOne-Regular.ttf */ = {isa = PBXFileReference; lastKnownFileType = file; path = "GoblinOne-Regular.ttf"; sourceTree = "<group>"; };
		F13C01F127E9362D0001F9D5 /* PathwayGothicOne-Regular.ttf */ = {isa = PBXFileReference; lastKnownFileType = file; path = "PathwayGothicOne-Regular.ttf"; sourceTree = "<group>"; };
		F13C01F427E9362D0001F9D5 /* TrackTableViewCell.xib */ = {isa = PBXFileReference; fileEncoding = 4; lastKnownFileType = file.xib; path = TrackTableViewCell.xib; sourceTree = "<group>"; };
		F13C01F527E9362D0001F9D5 /* Artists.storyboard */ = {isa = PBXFileReference; fileEncoding = 4; lastKnownFileType = file.storyboard; path = Artists.storyboard; sourceTree = "<group>"; };
		F13C01F727E9362D0001F9D5 /* Base */ = {isa = PBXFileReference; lastKnownFileType = file.storyboard; name = Base; path = Base.lproj/LaunchScreen.storyboard; sourceTree = "<group>"; };
		F13C01F827E9362E0001F9D5 /* Main.storyboard */ = {isa = PBXFileReference; fileEncoding = 4; lastKnownFileType = file.storyboard; path = Main.storyboard; sourceTree = "<group>"; };
		F13C01F927E9362E0001F9D5 /* Tracks.storyboard */ = {isa = PBXFileReference; fileEncoding = 4; lastKnownFileType = file.storyboard; path = Tracks.storyboard; sourceTree = "<group>"; };
		F13C01FA27E9362E0001F9D5 /* Albums.storyboard */ = {isa = PBXFileReference; fileEncoding = 4; lastKnownFileType = file.storyboard; path = Albums.storyboard; sourceTree = "<group>"; };
		F13C01FB27E9362E0001F9D5 /* Podcasts.storyboard */ = {isa = PBXFileReference; fileEncoding = 4; lastKnownFileType = file.storyboard; path = Podcasts.storyboard; sourceTree = "<group>"; };
		F13C01FC27E9362E0001F9D5 /* AlbumTableViewCell.swift */ = {isa = PBXFileReference; fileEncoding = 4; lastKnownFileType = sourcecode.swift; path = AlbumTableViewCell.swift; sourceTree = "<group>"; };
		F13C01FD27E9362E0001F9D5 /* ArtistTableViewCell.swift */ = {isa = PBXFileReference; fileEncoding = 4; lastKnownFileType = sourcecode.swift; path = ArtistTableViewCell.swift; sourceTree = "<group>"; };
		F13C01FF27E9362E0001F9D5 /* Base */ = {isa = PBXFileReference; lastKnownFileType = file.storyboard; name = Base; path = Base.lproj/Main.storyboard; sourceTree = "<group>"; };
		F13C020327E9362E0001F9D5 /* Artist.swift */ = {isa = PBXFileReference; fileEncoding = 4; lastKnownFileType = sourcecode.swift; path = Artist.swift; sourceTree = "<group>"; };
		F13C020427E9362E0001F9D5 /* Tracks.swift */ = {isa = PBXFileReference; fileEncoding = 4; lastKnownFileType = sourcecode.swift; path = Tracks.swift; sourceTree = "<group>"; };
		F13C020527E9362E0001F9D5 /* Artists.swift */ = {isa = PBXFileReference; fileEncoding = 4; lastKnownFileType = sourcecode.swift; path = Artists.swift; sourceTree = "<group>"; };
		F13C020727E9362E0001F9D5 /* ImageLoader.swift */ = {isa = PBXFileReference; fileEncoding = 4; lastKnownFileType = sourcecode.swift; path = ImageLoader.swift; sourceTree = "<group>"; };
/* End PBXFileReference section */

/* Begin PBXFrameworksBuildPhase section */
		F13C014F27E933B60001F9D5 /* Frameworks */ = {
			isa = PBXFrameworksBuildPhase;
			buildActionMask = 2147483647;
			files = (
			);
			runOnlyForDeploymentPostprocessing = 0;
		};
/* End PBXFrameworksBuildPhase section */

/* Begin PBXGroup section */
		F13C014927E933B60001F9D5 = {
			isa = PBXGroup;
			children = (
				F13C015427E933B60001F9D5 /* AxxidLabelMusicApp */,
				F13C015327E933B60001F9D5 /* Products */,
			);
			sourceTree = "<group>";
		};
		F13C015327E933B60001F9D5 /* Products */ = {
			isa = PBXGroup;
			children = (
				F13C015227E933B60001F9D5 /* AxxidLabelMusicApp.app */,
			);
			name = Products;
			sourceTree = "<group>";
		};
		F13C015427E933B60001F9D5 /* AxxidLabelMusicApp */ = {
			isa = PBXGroup;
			children = (
				F13C01F227E9362D0001F9D5 /* Views */,
				F13C015727E933B60001F9D5 /* SceneDelegate.swift */,
				F13C015527E933B60001F9D5 /* AppDelegate.swift */,
				F13C016327E933BB0001F9D5 /* Info.plist */,
				F13C01E127E9362B0001F9D5 /* Assets.xcassets */,
				F13C020027E9362E0001F9D5 /* Models */,
				F13C01E227E9362D0001F9D5 /* MusicFiles */,
				F13C01E527E9362D0001F9D5 /* View Controllers */,
				F13C01EB27E9362D0001F9D5 /* Fonts */,
			);
			path = AxxidLabelMusicApp;
			sourceTree = "<group>";
		};
		F13C01E227E9362D0001F9D5 /* MusicFiles */ = {
			isa = PBXGroup;
			children = (
				F13C01E327E9362D0001F9D5 /* Kraftwerk - Musique Non Stop.mp3 */,
			);
			path = MusicFiles;
			sourceTree = "<group>";
		};
		F13C01E527E9362D0001F9D5 /* View Controllers */ = {
			isa = PBXGroup;
			children = (
				F13C01E627E9362D0001F9D5 /* ArtistDetailViewController.swift */,
				F13C01E727E9362D0001F9D5 /* BioDetailViewController1.swift */,
				F13C01E827E9362D0001F9D5 /* MusicViewController.swift */,
				F13C01E927E9362D0001F9D5 /* TrackListViewController.swift */,
				F13C01EA27E9362D0001F9D5 /* ArtistListViewController.swift */,
			);
			path = "View Controllers";
			sourceTree = "<group>";
		};
		F13C01EB27E9362D0001F9D5 /* Fonts */ = {
			isa = PBXGroup;
			children = (
				F13C01EC27E9362D0001F9D5 /* ArchivoBlack-Regular.ttf */,
				F13C01ED27E9362D0001F9D5 /* Shrikhand-Regular.ttf */,
				F13C01EE27E9362D0001F9D5 /* JacquesFrancoisShadow-Regular.ttf */,
				F13C01EF27E9362D0001F9D5 /* Eater-Regular.ttf */,
				F13C01F027E9362D0001F9D5 /* GoblinOne-Regular.ttf */,
				F13C01F127E9362D0001F9D5 /* PathwayGothicOne-Regular.ttf */,
			);
			path = Fonts;
			sourceTree = "<group>";
		};
		F13C01F227E9362D0001F9D5 /* Views */ = {
			isa = PBXGroup;
			children = (
				F13C01F327E9362D0001F9D5 /* Storyboards */,
				F13C01FC27E9362E0001F9D5 /* AlbumTableViewCell.swift */,
				F13C01FD27E9362E0001F9D5 /* ArtistTableViewCell.swift */,
				F13C01FE27E9362E0001F9D5 /* Main.storyboard */,
			);
			name = Views;
			path = "../../../Downloads/AxxidLabelMusicApp  /Axxid Label/Views";
			sourceTree = "<group>";
		};
		F13C01F327E9362D0001F9D5 /* Storyboards */ = {
			isa = PBXGroup;
			children = (
				F13C01F427E9362D0001F9D5 /* TrackTableViewCell.xib */,
				F13C01F527E9362D0001F9D5 /* Artists.storyboard */,
				F13C01F627E9362D0001F9D5 /* LaunchScreen.storyboard */,
				F13C01F827E9362E0001F9D5 /* Main.storyboard */,
				F13C01F927E9362E0001F9D5 /* Tracks.storyboard */,
				F13C01FA27E9362E0001F9D5 /* Albums.storyboard */,
				F13C01FB27E9362E0001F9D5 /* Podcasts.storyboard */,
			);
			path = Storyboards;
			sourceTree = "<group>";
		};
		F13C020027E9362E0001F9D5 /* Models */ = {
			isa = PBXGroup;
			children = (
				F13C020227E9362E0001F9D5 /* Struct */,
				F13C020527E9362E0001F9D5 /* Artists.swift */,
				F13C020627E9362E0001F9D5 /* Services */,
			);
			path = Models;
			sourceTree = "<group>";
		};
		F13C020227E9362E0001F9D5 /* Struct */ = {
			isa = PBXGroup;
			children = (
				F13C020327E9362E0001F9D5 /* Artist.swift */,
				F13C020427E9362E0001F9D5 /* Tracks.swift */,
			);
			path = Struct;
			sourceTree = "<group>";
		};
		F13C020627E9362E0001F9D5 /* Services */ = {
			isa = PBXGroup;
			children = (
				F13C020727E9362E0001F9D5 /* ImageLoader.swift */,
			);
			path = Services;
			sourceTree = "<group>";
		};
/* End PBXGroup section */

/* Begin PBXNativeTarget section */
		F13C015127E933B60001F9D5 /* AxxidLabelMusicApp */ = {
			isa = PBXNativeTarget;
			buildConfigurationList = F13C016627E933BB0001F9D5 /* Build configuration list for PBXNativeTarget "AxxidLabelMusicApp" */;
			buildPhases = (
				F13C014E27E933B60001F9D5 /* Sources */,
				F13C014F27E933B60001F9D5 /* Frameworks */,
				F13C015027E933B60001F9D5 /* Resources */,
			);
			buildRules = (
			);
			dependencies = (
			);
			name = AxxidLabelMusicApp;
			productName = AxxidLabelMusicApp;
			productReference = F13C015227E933B60001F9D5 /* AxxidLabelMusicApp.app */;
			productType = "com.apple.product-type.application";
		};
/* End PBXNativeTarget section */

/* Begin PBXProject section */
		F13C014A27E933B60001F9D5 /* Project object */ = {
			isa = PBXProject;
			attributes = {
				BuildIndependentTargetsInParallel = 1;
				LastSwiftUpdateCheck = 1320;
				LastUpgradeCheck = 1320;
				TargetAttributes = {
					F13C015127E933B60001F9D5 = {
						CreatedOnToolsVersion = 13.2.1;
					};
				};
			};
			buildConfigurationList = F13C014D27E933B60001F9D5 /* Build configuration list for PBXProject "AxxidLabelMusicApp" */;
			compatibilityVersion = "Xcode 13.0";
			developmentRegion = en;
			hasScannedForEncodings = 0;
			knownRegions = (
				en,
				Base,
			);
			mainGroup = F13C014927E933B60001F9D5;
			productRefGroup = F13C015327E933B60001F9D5 /* Products */;
			projectDirPath = "";
			projectRoot = "";
			targets = (
				F13C015127E933B60001F9D5 /* AxxidLabelMusicApp */,
			);
		};
/* End PBXProject section */

/* Begin PBXResourcesBuildPhase section */
		F13C015027E933B60001F9D5 /* Resources */ = {
			isa = PBXResourcesBuildPhase;
			buildActionMask = 2147483647;
			files = (
				F13C021127E9362E0001F9D5 /* Shrikhand-Regular.ttf in Resources */,
				F13C021427E9362E0001F9D5 /* GoblinOne-Regular.ttf in Resources */,
				F13C020927E9362E0001F9D5 /* Kraftwerk - Musique Non Stop.mp3 in Resources */,
				F13C021927E9362E0001F9D5 /* Main.storyboard in Resources */,
				F13C021727E9362E0001F9D5 /* Artists.storyboard in Resources */,
				F13C021227E9362E0001F9D5 /* JacquesFrancoisShadow-Regular.ttf in Resources */,
				F13C021027E9362E0001F9D5 /* ArchivoBlack-Regular.ttf in Resources */,
				F13C021A27E9362E0001F9D5 /* Tracks.storyboard in Resources */,
				F13C021527E9362E0001F9D5 /* PathwayGothicOne-Regular.ttf in Resources */,
				F13C021627E9362E0001F9D5 /* TrackTableViewCell.xib in Resources */,
				F13C021C27E9362E0001F9D5 /* Podcasts.storyboard in Resources */,
				F13C021F27E9362E0001F9D5 /* Main.storyboard in Resources */,
				F13C020827E9362E0001F9D5 /* Assets.xcassets in Resources */,
				F13C021827E9362E0001F9D5 /* LaunchScreen.storyboard in Resources */,
				F13C021B27E9362E0001F9D5 /* Albums.storyboard in Resources */,
				F13C021327E9362E0001F9D5 /* Eater-Regular.ttf in Resources */,
			);
			runOnlyForDeploymentPostprocessing = 0;
		};
/* End PBXResourcesBuildPhase section */

/* Begin PBXSourcesBuildPhase section */
		F13C014E27E933B60001F9D5 /* Sources */ = {
			isa = PBXSourcesBuildPhase;
			buildActionMask = 2147483647;
			files = (
				F13C020D27E9362E0001F9D5 /* MusicViewController.swift in Sources */,
				F13C020B27E9362E0001F9D5 /* ArtistDetailViewController.swift in Sources */,
				F13C022427E9362E0001F9D5 /* ImageLoader.swift in Sources */,
				F13C022327E9362E0001F9D5 /* Artists.swift in Sources */,
				F13C021E27E9362E0001F9D5 /* ArtistTableViewCell.swift in Sources */,
				F13C020E27E9362E0001F9D5 /* TrackListViewController.swift in Sources */,
				F13C022227E9362E0001F9D5 /* Tracks.swift in Sources */,
				F13C020F27E9362E0001F9D5 /* ArtistListViewController.swift in Sources */,
				F13C015627E933B60001F9D5 /* AppDelegate.swift in Sources */,
				F13C022127E9362E0001F9D5 /* Artist.swift in Sources */,
				F13C021D27E9362E0001F9D5 /* AlbumTableViewCell.swift in Sources */,
				F13C015827E933B60001F9D5 /* SceneDelegate.swift in Sources */,
				F13C020C27E9362E0001F9D5 /* BioDetailViewController1.swift in Sources */,
			);
			runOnlyForDeploymentPostprocessing = 0;
		};
/* End PBXSourcesBuildPhase section */

/* Begin PBXVariantGroup section */
		F13C01F627E9362D0001F9D5 /* LaunchScreen.storyboard */ = {
			isa = PBXVariantGroup;
			children = (
				F13C01F727E9362D0001F9D5 /* Base */,
			);
			name = LaunchScreen.storyboard;
			sourceTree = "<group>";
		};
		F13C01FE27E9362E0001F9D5 /* Main.storyboard */ = {
			isa = PBXVariantGroup;
			children = (
				F13C01FF27E9362E0001F9D5 /* Base */,
			);
			name = Main.storyboard;
			sourceTree = "<group>";
		};
/* End PBXVariantGroup section */

/* Begin XCBuildConfiguration section */
		F13C016427E933BB0001F9D5 /* Debug */ = {
			isa = XCBuildConfiguration;
			buildSettings = {
				ALWAYS_SEARCH_USER_PATHS = NO;
				CLANG_ANALYZER_NONNULL = YES;
				CLANG_ANALYZER_NUMBER_OBJECT_CONVERSION = YES_AGGRESSIVE;
				CLANG_CXX_LANGUAGE_STANDARD = "gnu++17";
				CLANG_CXX_LIBRARY = "libc++";
				CLANG_ENABLE_MODULES = YES;
				CLANG_ENABLE_OBJC_ARC = YES;
				CLANG_ENABLE_OBJC_WEAK = YES;
				CLANG_WARN_BLOCK_CAPTURE_AUTORELEASING = YES;
				CLANG_WARN_BOOL_CONVERSION = YES;
				CLANG_WARN_COMMA = YES;
				CLANG_WARN_CONSTANT_CONVERSION = YES;
				CLANG_WARN_DEPRECATED_OBJC_IMPLEMENTATIONS = YES;
				CLANG_WARN_DIRECT_OBJC_ISA_USAGE = YES_ERROR;
				CLANG_WARN_DOCUMENTATION_COMMENTS = YES;
				CLANG_WARN_EMPTY_BODY = YES;
				CLANG_WARN_ENUM_CONVERSION = YES;
				CLANG_WARN_INFINITE_RECURSION = YES;
				CLANG_WARN_INT_CONVERSION = YES;
				CLANG_WARN_NON_LITERAL_NULL_CONVERSION = YES;
				CLANG_WARN_OBJC_IMPLICIT_RETAIN_SELF = YES;
				CLANG_WARN_OBJC_LITERAL_CONVERSION = YES;
				CLANG_WARN_OBJC_ROOT_CLASS = YES_ERROR;
				CLANG_WARN_QUOTED_INCLUDE_IN_FRAMEWORK_HEADER = YES;
				CLANG_WARN_RANGE_LOOP_ANALYSIS = YES;
				CLANG_WARN_STRICT_PROTOTYPES = YES;
				CLANG_WARN_SUSPICIOUS_MOVE = YES;
				CLANG_WARN_UNGUARDED_AVAILABILITY = YES_AGGRESSIVE;
				CLANG_WARN_UNREACHABLE_CODE = YES;
				CLANG_WARN__DUPLICATE_METHOD_MATCH = YES;
				COPY_PHASE_STRIP = NO;
				DEBUG_INFORMATION_FORMAT = dwarf;
				ENABLE_STRICT_OBJC_MSGSEND = YES;
				ENABLE_TESTABILITY = YES;
				GCC_C_LANGUAGE_STANDARD = gnu11;
				GCC_DYNAMIC_NO_PIC = NO;
				GCC_NO_COMMON_BLOCKS = YES;
				GCC_OPTIMIZATION_LEVEL = 0;
				GCC_PREPROCESSOR_DEFINITIONS = (
					"DEBUG=1",
					"$(inherited)",
				);
				GCC_WARN_64_TO_32_BIT_CONVERSION = YES;
				GCC_WARN_ABOUT_RETURN_TYPE = YES_ERROR;
				GCC_WARN_UNDECLARED_SELECTOR = YES;
				GCC_WARN_UNINITIALIZED_AUTOS = YES_AGGRESSIVE;
				GCC_WARN_UNUSED_FUNCTION = YES;
				GCC_WARN_UNUSED_VARIABLE = YES;
				IPHONEOS_DEPLOYMENT_TARGET = 15.2;
				MTL_ENABLE_DEBUG_INFO = INCLUDE_SOURCE;
				MTL_FAST_MATH = YES;
				ONLY_ACTIVE_ARCH = YES;
				SDKROOT = iphoneos;
				SWIFT_ACTIVE_COMPILATION_CONDITIONS = DEBUG;
				SWIFT_OPTIMIZATION_LEVEL = "-Onone";
			};
			name = Debug;
		};
		F13C016527E933BB0001F9D5 /* Release */ = {
			isa = XCBuildConfiguration;
			buildSettings = {
				ALWAYS_SEARCH_USER_PATHS = NO;
				CLANG_ANALYZER_NONNULL = YES;
				CLANG_ANALYZER_NUMBER_OBJECT_CONVERSION = YES_AGGRESSIVE;
				CLANG_CXX_LANGUAGE_STANDARD = "gnu++17";
				CLANG_CXX_LIBRARY = "libc++";
				CLANG_ENABLE_MODULES = YES;
				CLANG_ENABLE_OBJC_ARC = YES;
				CLANG_ENABLE_OBJC_WEAK = YES;
				CLANG_WARN_BLOCK_CAPTURE_AUTORELEASING = YES;
				CLANG_WARN_BOOL_CONVERSION = YES;
				CLANG_WARN_COMMA = YES;
				CLANG_WARN_CONSTANT_CONVERSION = YES;
				CLANG_WARN_DEPRECATED_OBJC_IMPLEMENTATIONS = YES;
				CLANG_WARN_DIRECT_OBJC_ISA_USAGE = YES_ERROR;
				CLANG_WARN_DOCUMENTATION_COMMENTS = YES;
				CLANG_WARN_EMPTY_BODY = YES;
				CLANG_WARN_ENUM_CONVERSION = YES;
				CLANG_WARN_INFINITE_RECURSION = YES;
				CLANG_WARN_INT_CONVERSION = YES;
				CLANG_WARN_NON_LITERAL_NULL_CONVERSION = YES;
				CLANG_WARN_OBJC_IMPLICIT_RETAIN_SELF = YES;
				CLANG_WARN_OBJC_LITERAL_CONVERSION = YES;
				CLANG_WARN_OBJC_ROOT_CLASS = YES_ERROR;
				CLANG_WARN_QUOTED_INCLUDE_IN_FRAMEWORK_HEADER = YES;
				CLANG_WARN_RANGE_LOOP_ANALYSIS = YES;
				CLANG_WARN_STRICT_PROTOTYPES = YES;
				CLANG_WARN_SUSPICIOUS_MOVE = YES;
				CLANG_WARN_UNGUARDED_AVAILABILITY = YES_AGGRESSIVE;
				CLANG_WARN_UNREACHABLE_CODE = YES;
				CLANG_WARN__DUPLICATE_METHOD_MATCH = YES;
				COPY_PHASE_STRIP = NO;
				DEBUG_INFORMATION_FORMAT = "dwarf-with-dsym";
				ENABLE_NS_ASSERTIONS = NO;
				ENABLE_STRICT_OBJC_MSGSEND = YES;
				GCC_C_LANGUAGE_STANDARD = gnu11;
				GCC_NO_COMMON_BLOCKS = YES;
				GCC_WARN_64_TO_32_BIT_CONVERSION = YES;
				GCC_WARN_ABOUT_RETURN_TYPE = YES_ERROR;
				GCC_WARN_UNDECLARED_SELECTOR = YES;
				GCC_WARN_UNINITIALIZED_AUTOS = YES_AGGRESSIVE;
				GCC_WARN_UNUSED_FUNCTION = YES;
				GCC_WARN_UNUSED_VARIABLE = YES;
				IPHONEOS_DEPLOYMENT_TARGET = 15.2;
				MTL_ENABLE_DEBUG_INFO = NO;
				MTL_FAST_MATH = YES;
				SDKROOT = iphoneos;
				SWIFT_COMPILATION_MODE = wholemodule;
				SWIFT_OPTIMIZATION_LEVEL = "-O";
				VALIDATE_PRODUCT = YES;
			};
			name = Release;
		};
		F13C016727E933BB0001F9D5 /* Debug */ = {
			isa = XCBuildConfiguration;
			buildSettings = {
				ASSETCATALOG_COMPILER_APPICON_NAME = AppIcon;
				ASSETCATALOG_COMPILER_GLOBAL_ACCENT_COLOR_NAME = AccentColor;
				CODE_SIGN_STYLE = Automatic;
				CURRENT_PROJECT_VERSION = 1;
				GENERATE_INFOPLIST_FILE = YES;
				INFOPLIST_FILE = AxxidLabelMusicApp/Info.plist;
				INFOPLIST_KEY_UIApplicationSupportsIndirectInputEvents = YES;
				INFOPLIST_KEY_UILaunchStoryboardName = LaunchScreen;
				INFOPLIST_KEY_UIMainStoryboardFile = Main;
				INFOPLIST_KEY_UISupportedInterfaceOrientations_iPad = "UIInterfaceOrientationPortrait UIInterfaceOrientationPortraitUpsideDown UIInterfaceOrientationLandscapeLeft UIInterfaceOrientationLandscapeRight";
				INFOPLIST_KEY_UISupportedInterfaceOrientations_iPhone = "UIInterfaceOrientationPortrait UIInterfaceOrientationLandscapeLeft UIInterfaceOrientationLandscapeRight";
				LD_RUNPATH_SEARCH_PATHS = (
					"$(inherited)",
					"@executable_path/Frameworks",
				);
				MARKETING_VERSION = 1.0;
				PRODUCT_BUNDLE_IDENTIFIER = Belarus.AxxidLabelMusicApp;
				PRODUCT_NAME = "$(TARGET_NAME)";
				SWIFT_EMIT_LOC_STRINGS = YES;
				SWIFT_VERSION = 5.0;
				TARGETED_DEVICE_FAMILY = "1,2";
			};
			name = Debug;
		};
		F13C016827E933BB0001F9D5 /* Release */ = {
			isa = XCBuildConfiguration;
			buildSettings = {
				ASSETCATALOG_COMPILER_APPICON_NAME = AppIcon;
				ASSETCATALOG_COMPILER_GLOBAL_ACCENT_COLOR_NAME = AccentColor;
				CODE_SIGN_STYLE = Automatic;
				CURRENT_PROJECT_VERSION = 1;
				GENERATE_INFOPLIST_FILE = YES;
				INFOPLIST_FILE = AxxidLabelMusicApp/Info.plist;
				INFOPLIST_KEY_UIApplicationSupportsIndirectInputEvents = YES;
				INFOPLIST_KEY_UILaunchStoryboardName = LaunchScreen;
				INFOPLIST_KEY_UIMainStoryboardFile = Main;
				INFOPLIST_KEY_UISupportedInterfaceOrientations_iPad = "UIInterfaceOrientationPortrait UIInterfaceOrientationPortraitUpsideDown UIInterfaceOrientationLandscapeLeft UIInterfaceOrientationLandscapeRight";
				INFOPLIST_KEY_UISupportedInterfaceOrientations_iPhone = "UIInterfaceOrientationPortrait UIInterfaceOrientationLandscapeLeft UIInterfaceOrientationLandscapeRight";
				LD_RUNPATH_SEARCH_PATHS = (
					"$(inherited)",
					"@executable_path/Frameworks",
				);
				MARKETING_VERSION = 1.0;
				PRODUCT_BUNDLE_IDENTIFIER = Belarus.AxxidLabelMusicApp;
				PRODUCT_NAME = "$(TARGET_NAME)";
				SWIFT_EMIT_LOC_STRINGS = YES;
				SWIFT_VERSION = 5.0;
				TARGETED_DEVICE_FAMILY = "1,2";
			};
			name = Release;
		};
/* End XCBuildConfiguration section */

/* Begin XCConfigurationList section */
		F13C014D27E933B60001F9D5 /* Build configuration list for PBXProject "AxxidLabelMusicApp" */ = {
			isa = XCConfigurationList;
			buildConfigurations = (
				F13C016427E933BB0001F9D5 /* Debug */,
				F13C016527E933BB0001F9D5 /* Release */,
			);
			defaultConfigurationIsVisible = 0;
			defaultConfigurationName = Release;
		};
		F13C016627E933BB0001F9D5 /* Build configuration list for PBXNativeTarget "AxxidLabelMusicApp" */ = {
			isa = XCConfigurationList;
			buildConfigurations = (
				F13C016727E933BB0001F9D5 /* Debug */,
				F13C016827E933BB0001F9D5 /* Release */,
			);
			defaultConfigurationIsVisible = 0;
			defaultConfigurationName = Release;
		};
/* End XCConfigurationList section */
	};
	rootObject = F13C014A27E933B60001F9D5 /* Project object */;
}
